
Microsoft Visual Studio Solution File, Format Version 11.00
# Visual Studio 2010
Project("{2150E333-8FDC-42A3-9474-1A3956D46DE8}") = "MailSystem.NET", "MailSystem.NET", "{90C65814-98AE-4F22-BD3B-82FC9AC9EAA8}"
EndProject
Project("{FAE04EC0-301F-11D3-BF4B-00C04F79EFBC}") = "ActiveUp.Net", "MailSystem.NET\ActiveUp.Net\ActiveUp.Net.csproj", "{25DA9502-B959-4E81-9368-471AE231BCC0}"
EndProject
Project("{FAE04EC0-301F-11D3-BF4B-00C04F79EFBC}") = "ActiveUp.Net.Common", "MailSystem.NET\ActiveUp.Net.Common\ActiveUp.Net.Common.csproj", "{3A83AE95-C23F-48B4-9F1A-AD4B32C37B93}"
EndProject
Project("{FAE04EC0-301F-11D3-BF4B-00C04F79EFBC}") = "ActiveUp.Net.Dns", "MailSystem.NET\ActiveUp.Net.Dns\ActiveUp.Net.Dns.csproj", "{A82CE4DD-9B08-439C-BC28-CB7B2BFFA85C}"
EndProject
Project("{FAE04EC0-301F-11D3-BF4B-00C04F79EFBC}") = "ActiveUp.Net.Groupware", "MailSystem.NET\ActiveUp.Net.Groupware\ActiveUp.Net.Groupware.csproj", "{C646ED2B-50B7-4178-BEFA-657F1259251F}"
EndProject
Project("{FAE04EC0-301F-11D3-BF4B-00C04F79EFBC}") = "ActiveUp.Net.Imap4", "MailSystem.NET\ActiveUp.Net.Imap4\ActiveUp.Net.Imap4.csproj", "{6BEE77DF-2DD2-41C3-BA16-60E20B1EDDCC}"
EndProject
Project("{FAE04EC0-301F-11D3-BF4B-00C04F79EFBC}") = "ActiveUp.Net.Mail", "MailSystem.NET\ActiveUp.Net.Mail\ActiveUp.Net.Mail.csproj", "{2BD4C73E-C8DB-420E-9505-96D3F3BCA7B6}"
EndProject
Project("{FAE04EC0-301F-11D3-BF4B-00C04F79EFBC}") = "ActiveUp.Net.Nntp", "MailSystem.NET\ActiveUp.Net.Nntp\ActiveUp.Net.Nntp.csproj", "{FF4B354A-213B-415A-B8F7-582BAAFABC8C}"
EndProject
Project("{FAE04EC0-301F-11D3-BF4B-00C04F79EFBC}") = "ActiveUp.Net.WhoIs", "MailSystem.NET\ActiveUp.Net.WhoIs\ActiveUp.Net.WhoIs.csproj", "{1E4D8E5B-D422-47DC-9CF3-B8E88A4472AF}"
EndProject
Project("{FAE04EC0-301F-11D3-BF4B-00C04F79EFBC}") = "ActiveUp.Net.OpenPGP", "MailSystem.NET\ActiveUp.Net.OpenPGP\ActiveUp.Net.OpenPGP.csproj", "{00CB8737-BA35-4775-AFA4-B8CD446AB83F}"
EndProject
Project("{FAE04EC0-301F-11D3-BF4B-00C04F79EFBC}") = "ActiveUp.Net.Pop3", "MailSystem.NET\ActiveUp.Net.Pop3\ActiveUp.Net.Pop3.csproj", "{3F01CF20-C49D-44A9-AA57-68F04915FE97}"
EndProject
Project("{FAE04EC0-301F-11D3-BF4B-00C04F79EFBC}") = "ActiveUp.Net.Smtp", "MailSystem.NET\ActiveUp.Net.Smtp\ActiveUp.Net.Smtp.csproj", "{D9BCD15E-A438-4554-89D3-1CF122167FDD}"
EndProject
Project("{FAE04EC0-301F-11D3-BF4B-00C04F79EFBC}") = "XMail", "XMAIL\XMail.csproj", "{C26B3486-66CF-4040-9399-CA2EACBB9F16}"
EndProject
Project("{FAE04EC0-301F-11D3-BF4B-00C04F79EFBC}") = "IExtendFramework", "..\IExtendFramework\IExtendFramework\IExtendFramework.csproj", "{555B1E7D-E629-48A7-87A4-0AFBB69290FC}"
EndProject
Project("{FAE04EC0-301F-11D3-BF4B-00C04F79EFBC}") = "WindowsAPICodePack", "WindowsAPICodePack\WindowsAPICodePack.csproj", "{ED235059-C297-499E-B48E-632D1C68F5AE}"
EndProject
Project("{2150E333-8FDC-42A3-9474-1A3956D46DE8}") = "lib", "lib", "{332C2F15-BCEF-4948-9E27-EE1D5C43C4E8}"
	ProjectSection(SolutionItems) = preProject
		lib\AxInterop.SHDocVw.dll = lib\AxInterop.SHDocVw.dll
		lib\HTMLEditorControl.dll = lib\HTMLEditorControl.dll
		lib\Interop.SHDocVw.dll = lib\Interop.SHDocVw.dll
		lib\SHDocVw.dll = lib\SHDocVw.dll
	EndProjectSection
EndProject
Global
	GlobalSection(SolutionConfigurationPlatforms) = preSolution
		Debug|Any CPU = Debug|Any CPU
		Debug|Mixed Platforms = Debug|Mixed Platforms
		Debug|x86 = Debug|x86
		Release|Any CPU = Release|Any CPU
		Release|Mixed Platforms = Release|Mixed Platforms
		Release|x86 = Release|x86
	EndGlobalSection
	GlobalSection(ProjectConfigurationPlatforms) = postSolution
		{25DA9502-B959-4E81-9368-471AE231BCC0}.Debug|Any CPU.ActiveCfg = Debug|Any CPU
		{25DA9502-B959-4E81-9368-471AE231BCC0}.Debug|Any CPU.Build.0 = Debug|Any CPU
		{25DA9502-B959-4E81-9368-471AE231BCC0}.Debug|Mixed Platforms.ActiveCfg = Debug|Any CPU
		{25DA9502-B959-4E81-9368-471AE231BCC0}.Debug|Mixed Platforms.Build.0 = Debug|Any CPU
		{25DA9502-B959-4E81-9368-471AE231BCC0}.Debug|x86.ActiveCfg = Debug|Any CPU
		{25DA9502-B959-4E81-9368-471AE231BCC0}.Debug|x86.Build.0 = Debug|Any CPU
		{25DA9502-B959-4E81-9368-471AE231BCC0}.Release|Any CPU.ActiveCfg = Release|Any CPU
		{25DA9502-B959-4E81-9368-471AE231BCC0}.Release|Any CPU.Build.0 = Release|Any CPU
		{25DA9502-B959-4E81-9368-471AE231BCC0}.Release|Mixed Platforms.ActiveCfg = Release|Any CPU
		{25DA9502-B959-4E81-9368-471AE231BCC0}.Release|Mixed Platforms.Build.0 = Release|Any CPU
		{25DA9502-B959-4E81-9368-471AE231BCC0}.Release|x86.ActiveCfg = Release|Any CPU
		{25DA9502-B959-4E81-9368-471AE231BCC0}.Release|x86.Build.0 = Release|Any CPU
		{3A83AE95-C23F-48B4-9F1A-AD4B32C37B93}.Debug|Any CPU.ActiveCfg = Debug|Any CPU
		{3A83AE95-C23F-48B4-9F1A-AD4B32C37B93}.Debug|Any CPU.Build.0 = Debug|Any CPU
		{3A83AE95-C23F-48B4-9F1A-AD4B32C37B93}.Debug|Mixed Platforms.ActiveCfg = Debug|Any CPU
		{3A83AE95-C23F-48B4-9F1A-AD4B32C37B93}.Debug|Mixed Platforms.Build.0 = Debug|Any CPU
		{3A83AE95-C23F-48B4-9F1A-AD4B32C37B93}.Debug|x86.ActiveCfg = Debug|Any CPU
		{3A83AE95-C23F-48B4-9F1A-AD4B32C37B93}.Debug|x86.Build.0 = Debug|Any CPU
		{3A83AE95-C23F-48B4-9F1A-AD4B32C37B93}.Release|Any CPU.ActiveCfg = Release|Any CPU
		{3A83AE95-C23F-48B4-9F1A-AD4B32C37B93}.Release|Any CPU.Build.0 = Release|Any CPU
		{3A83AE95-C23F-48B4-9F1A-AD4B32C37B93}.Release|Mixed Platforms.ActiveCfg = Release|Any CPU
		{3A83AE95-C23F-48B4-9F1A-AD4B32C37B93}.Release|Mixed Platforms.Build.0 = Release|Any CPU
		{3A83AE95-C23F-48B4-9F1A-AD4B32C37B93}.Release|x86.ActiveCfg = Release|Any CPU
		{3A83AE95-C23F-48B4-9F1A-AD4B32C37B93}.Release|x86.Build.0 = Release|Any CPU
		{A82CE4DD-9B08-439C-BC28-CB7B2BFFA85C}.Debug|Any CPU.ActiveCfg = Debug|Any CPU
		{A82CE4DD-9B08-439C-BC28-CB7B2BFFA85C}.Debug|Any CPU.Build.0 = Debug|Any CPU
		{A82CE4DD-9B08-439C-BC28-CB7B2BFFA85C}.Debug|Mixed Platforms.ActiveCfg = Debug|Any CPU
		{A82CE4DD-9B08-439C-BC28-CB7B2BFFA85C}.Debug|Mixed Platforms.Build.0 = Debug|Any CPU
		{A82CE4DD-9B08-439C-BC28-CB7B2BFFA85C}.Debug|x86.ActiveCfg = Debug|Any CPU
		{A82CE4DD-9B08-439C-BC28-CB7B2BFFA85C}.Debug|x86.Build.0 = Debug|Any CPU
		{A82CE4DD-9B08-439C-BC28-CB7B2BFFA85C}.Release|Any CPU.ActiveCfg = Release|Any CPU
		{A82CE4DD-9B08-439C-BC28-CB7B2BFFA85C}.Release|Any CPU.Build.0 = Release|Any CPU
		{A82CE4DD-9B08-439C-BC28-CB7B2BFFA85C}.Release|Mixed Platforms.ActiveCfg = Release|Any CPU
		{A82CE4DD-9B08-439C-BC28-CB7B2BFFA85C}.Release|Mixed Platforms.Build.0 = Release|Any CPU
		{A82CE4DD-9B08-439C-BC28-CB7B2BFFA85C}.Release|x86.ActiveCfg = Release|Any CPU
		{A82CE4DD-9B08-439C-BC28-CB7B2BFFA85C}.Release|x86.Build.0 = Release|Any CPU
		{C646ED2B-50B7-4178-BEFA-657F1259251F}.Debug|Any CPU.ActiveCfg = Debug|Any CPU
		{C646ED2B-50B7-4178-BEFA-657F1259251F}.Debug|Any CPU.Build.0 = Debug|Any CPU
		{C646ED2B-50B7-4178-BEFA-657F1259251F}.Debug|Mixed Platforms.ActiveCfg = Debug|Any CPU
		{C646ED2B-50B7-4178-BEFA-657F1259251F}.Debug|Mixed Platforms.Build.0 = Debug|Any CPU
		{C646ED2B-50B7-4178-BEFA-657F1259251F}.Debug|x86.ActiveCfg = Debug|Any CPU
		{C646ED2B-50B7-4178-BEFA-657F1259251F}.Debug|x86.Build.0 = Debug|Any CPU
		{C646ED2B-50B7-4178-BEFA-657F1259251F}.Release|Any CPU.ActiveCfg = Release|Any CPU
		{C646ED2B-50B7-4178-BEFA-657F1259251F}.Release|Any CPU.Build.0 = Release|Any CPU
		{C646ED2B-50B7-4178-BEFA-657F1259251F}.Release|Mixed Platforms.ActiveCfg = Release|Any CPU
		{C646ED2B-50B7-4178-BEFA-657F1259251F}.Release|Mixed Platforms.Build.0 = Release|Any CPU
		{C646ED2B-50B7-4178-BEFA-657F1259251F}.Release|x86.ActiveCfg = Release|Any CPU
		{C646ED2B-50B7-4178-BEFA-657F1259251F}.Release|x86.Build.0 = Release|Any CPU
		{6BEE77DF-2DD2-41C3-BA16-60E20B1EDDCC}.Debug|Any CPU.ActiveCfg = Debug|Any CPU
		{6BEE77DF-2DD2-41C3-BA16-60E20B1EDDCC}.Debug|Any CPU.Build.0 = Debug|Any CPU
		{6BEE77DF-2DD2-41C3-BA16-60E20B1EDDCC}.Debug|Mixed Platforms.ActiveCfg = Debug|Any CPU
		{6BEE77DF-2DD2-41C3-BA16-60E20B1EDDCC}.Debug|Mixed Platforms.Build.0 = Debug|Any CPU
		{6BEE77DF-2DD2-41C3-BA16-60E20B1EDDCC}.Debug|x86.ActiveCfg = Debug|Any CPU
		{6BEE77DF-2DD2-41C3-BA16-60E20B1EDDCC}.Debug|x86.Build.0 = Debug|Any CPU
		{6BEE77DF-2DD2-41C3-BA16-60E20B1EDDCC}.Release|Any CPU.ActiveCfg = Release|Any CPU
		{6BEE77DF-2DD2-41C3-BA16-60E20B1EDDCC}.Release|Any CPU.Build.0 = Release|Any CPU
		{6BEE77DF-2DD2-41C3-BA16-60E20B1EDDCC}.Release|Mixed Platforms.ActiveCfg = Release|Any CPU
		{6BEE77DF-2DD2-41C3-BA16-60E20B1EDDCC}.Release|Mixed Platforms.Build.0 = Release|Any CPU
		{6BEE77DF-2DD2-41C3-BA16-60E20B1EDDCC}.Release|x86.ActiveCfg = Release|Any CPU
		{6BEE77DF-2DD2-41C3-BA16-60E20B1EDDCC}.Release|x86.Build.0 = Release|Any CPU
		{2BD4C73E-C8DB-420E-9505-96D3F3BCA7B6}.Debug|Any CPU.ActiveCfg = Debug|Any CPU
		{2BD4C73E-C8DB-420E-9505-96D3F3BCA7B6}.Debug|Any CPU.Build.0 = Debug|Any CPU
		{2BD4C73E-C8DB-420E-9505-96D3F3BCA7B6}.Debug|Mixed Platforms.ActiveCfg = Debug|Any CPU
		{2BD4C73E-C8DB-420E-9505-96D3F3BCA7B6}.Debug|Mixed Platforms.Build.0 = Debug|Any CPU
		{2BD4C73E-C8DB-420E-9505-96D3F3BCA7B6}.Debug|x86.ActiveCfg = Debug|Any CPU
		{2BD4C73E-C8DB-420E-9505-96D3F3BCA7B6}.Debug|x86.Build.0 = Debug|Any CPU
		{2BD4C73E-C8DB-420E-9505-96D3F3BCA7B6}.Release|Any CPU.ActiveCfg = Release|Any CPU
		{2BD4C73E-C8DB-420E-9505-96D3F3BCA7B6}.Release|Any CPU.Build.0 = Release|Any CPU
		{2BD4C73E-C8DB-420E-9505-96D3F3BCA7B6}.Release|Mixed Platforms.ActiveCfg = Release|Any CPU
		{2BD4C73E-C8DB-420E-9505-96D3F3BCA7B6}.Release|Mixed Platforms.Build.0 = Release|Any CPU
		{2BD4C73E-C8DB-420E-9505-96D3F3BCA7B6}.Release|x86.ActiveCfg = Release|Any CPU
		{2BD4C73E-C8DB-420E-9505-96D3F3BCA7B6}.Release|x86.Build.0 = Release|Any CPU
		{FF4B354A-213B-415A-B8F7-582BAAFABC8C}.Debug|Any CPU.ActiveCfg = Debug|Any CPU
		{FF4B354A-213B-415A-B8F7-582BAAFABC8C}.Debug|Any CPU.Build.0 = Debug|Any CPU
		{FF4B354A-213B-415A-B8F7-582BAAFABC8C}.Debug|Mixed Platforms.ActiveCfg = Debug|Any CPU
		{FF4B354A-213B-415A-B8F7-582BAAFABC8C}.Debug|Mixed Platforms.Build.0 = Debug|Any CPU
		{FF4B354A-213B-415A-B8F7-582BAAFABC8C}.Debug|x86.ActiveCfg = Debug|Any CPU
		{FF4B354A-213B-415A-B8F7-582BAAFABC8C}.Debug|x86.Build.0 = Debug|Any CPU
		{FF4B354A-213B-415A-B8F7-582BAAFABC8C}.Release|Any CPU.ActiveCfg = Release|Any CPU
		{FF4B354A-213B-415A-B8F7-582BAAFABC8C}.Release|Any CPU.Build.0 = Release|Any CPU
		{FF4B354A-213B-415A-B8F7-582BAAFABC8C}.Release|Mixed Platforms.ActiveCfg = Release|Any CPU
		{FF4B354A-213B-415A-B8F7-582BAAFABC8C}.Release|Mixed Platforms.Build.0 = Release|Any CPU
		{FF4B354A-213B-415A-B8F7-582BAAFABC8C}.Release|x86.ActiveCfg = Release|Any CPU
		{FF4B354A-213B-415A-B8F7-582BAAFABC8C}.Release|x86.Build.0 = Release|Any CPU
		{1E4D8E5B-D422-47DC-9CF3-B8E88A4472AF}.Debug|Any CPU.ActiveCfg = Debug|Any CPU
		{1E4D8E5B-D422-47DC-9CF3-B8E88A4472AF}.Debug|Any CPU.Build.0 = Debug|Any CPU
		{1E4D8E5B-D422-47DC-9CF3-B8E88A4472AF}.Debug|Mixed Platforms.ActiveCfg = Debug|Any CPU
		{1E4D8E5B-D422-47DC-9CF3-B8E88A4472AF}.Debug|Mixed Platforms.Build.0 = Debug|Any CPU
		{1E4D8E5B-D422-47DC-9CF3-B8E88A4472AF}.Debug|x86.ActiveCfg = Debug|Any CPU
		{1E4D8E5B-D422-47DC-9CF3-B8E88A4472AF}.Debug|x86.Build.0 = Debug|Any CPU
		{1E4D8E5B-D422-47DC-9CF3-B8E88A4472AF}.Release|Any CPU.ActiveCfg = Release|Any CPU
		{1E4D8E5B-D422-47DC-9CF3-B8E88A4472AF}.Release|Any CPU.Build.0 = Release|Any CPU
		{1E4D8E5B-D422-47DC-9CF3-B8E88A4472AF}.Release|Mixed Platforms.ActiveCfg = Release|Any CPU
		{1E4D8E5B-D422-47DC-9CF3-B8E88A4472AF}.Release|Mixed Platforms.Build.0 = Release|Any CPU
		{1E4D8E5B-D422-47DC-9CF3-B8E88A4472AF}.Release|x86.ActiveCfg = Release|Any CPU
		{1E4D8E5B-D422-47DC-9CF3-B8E88A4472AF}.Release|x86.Build.0 = Release|Any CPU
		{00CB8737-BA35-4775-AFA4-B8CD446AB83F}.Debug|Any CPU.ActiveCfg = Debug|Any CPU
		{00CB8737-BA35-4775-AFA4-B8CD446AB83F}.Debug|Any CPU.Build.0 = Debug|Any CPU
		{00CB8737-BA35-4775-AFA4-B8CD446AB83F}.Debug|Mixed Platforms.ActiveCfg = Debug|Any CPU
		{00CB8737-BA35-4775-AFA4-B8CD446AB83F}.Debug|Mixed Platforms.Build.0 = Debug|Any CPU
		{00CB8737-BA35-4775-AFA4-B8CD446AB83F}.Debug|x86.ActiveCfg = Debug|Any CPU
		{00CB8737-BA35-4775-AFA4-B8CD446AB83F}.Debug|x86.Build.0 = Debug|Any CPU
		{00CB8737-BA35-4775-AFA4-B8CD446AB83F}.Release|Any CPU.ActiveCfg = Release|Any CPU
		{00CB8737-BA35-4775-AFA4-B8CD446AB83F}.Release|Any CPU.Build.0 = Release|Any CPU
		{00CB8737-BA35-4775-AFA4-B8CD446AB83F}.Release|Mixed Platforms.ActiveCfg = Release|Any CPU
		{00CB8737-BA35-4775-AFA4-B8CD446AB83F}.Release|Mixed Platforms.Build.0 = Release|Any CPU
		{00CB8737-BA35-4775-AFA4-B8CD446AB83F}.Release|x86.ActiveCfg = Release|Any CPU
		{00CB8737-BA35-4775-AFA4-B8CD446AB83F}.Release|x86.Build.0 = Release|Any CPU
		{3F01CF20-C49D-44A9-AA57-68F04915FE97}.Debug|Any CPU.ActiveCfg = Debug|Any CPU
		{3F01CF20-C49D-44A9-AA57-68F04915FE97}.Debug|Any CPU.Build.0 = Debug|Any CPU
		{3F01CF20-C49D-44A9-AA57-68F04915FE97}.Debug|Mixed Platforms.ActiveCfg = Debug|Any CPU
		{3F01CF20-C49D-44A9-AA57-68F04915FE97}.Debug|Mixed Platforms.Build.0 = Debug|Any CPU
		{3F01CF20-C49D-44A9-AA57-68F04915FE97}.Debug|x86.ActiveCfg = Debug|Any CPU
		{3F01CF20-C49D-44A9-AA57-68F04915FE97}.Debug|x86.Build.0 = Debug|Any CPU
		{3F01CF20-C49D-44A9-AA57-68F04915FE97}.Release|Any CPU.ActiveCfg = Release|Any CPU
		{3F01CF20-C49D-44A9-AA57-68F04915FE97}.Release|Any CPU.Build.0 = Release|Any CPU
		{3F01CF20-C49D-44A9-AA57-68F04915FE97}.Release|Mixed Platforms.ActiveCfg = Release|Any CPU
		{3F01CF20-C49D-44A9-AA57-68F04915FE97}.Release|Mixed Platforms.Build.0 = Release|Any CPU
		{3F01CF20-C49D-44A9-AA57-68F04915FE97}.Release|x86.ActiveCfg = Release|Any CPU
		{3F01CF20-C49D-44A9-AA57-68F04915FE97}.Release|x86.Build.0 = Release|Any CPU
		{D9BCD15E-A438-4554-89D3-1CF122167FDD}.Debug|Any CPU.ActiveCfg = Debug|Any CPU
		{D9BCD15E-A438-4554-89D3-1CF122167FDD}.Debug|Any CPU.Build.0 = Debug|Any CPU
		{D9BCD15E-A438-4554-89D3-1CF122167FDD}.Debug|Mixed Platforms.ActiveCfg = Debug|Any CPU
		{D9BCD15E-A438-4554-89D3-1CF122167FDD}.Debug|Mixed Platforms.Build.0 = Debug|Any CPU
		{D9BCD15E-A438-4554-89D3-1CF122167FDD}.Debug|x86.ActiveCfg = Debug|Any CPU
		{D9BCD15E-A438-4554-89D3-1CF122167FDD}.Debug|x86.Build.0 = Debug|Any CPU
		{D9BCD15E-A438-4554-89D3-1CF122167FDD}.Release|Any CPU.ActiveCfg = Release|Any CPU
		{D9BCD15E-A438-4554-89D3-1CF122167FDD}.Release|Any CPU.Build.0 = Release|Any CPU
		{D9BCD15E-A438-4554-89D3-1CF122167FDD}.Release|Mixed Platforms.ActiveCfg = Release|Any CPU
		{D9BCD15E-A438-4554-89D3-1CF122167FDD}.Release|Mixed Platforms.Build.0 = Release|Any CPU
		{D9BCD15E-A438-4554-89D3-1CF122167FDD}.Release|x86.ActiveCfg = Release|Any CPU
		{D9BCD15E-A438-4554-89D3-1CF122167FDD}.Release|x86.Build.0 = Release|Any CPU
		{C26B3486-66CF-4040-9399-CA2EACBB9F16}.Debug|Any CPU.ActiveCfg = Debug|x86
		{C26B3486-66CF-4040-9399-CA2EACBB9F16}.Debug|Mixed Platforms.ActiveCfg = Debug|x86
		{C26B3486-66CF-4040-9399-CA2EACBB9F16}.Debug|Mixed Platforms.Build.0 = Debug|x86
		{C26B3486-66CF-4040-9399-CA2EACBB9F16}.Debug|x86.ActiveCfg = Debug|x86
		{C26B3486-66CF-4040-9399-CA2EACBB9F16}.Debug|x86.Build.0 = Debug|x86
		{C26B3486-66CF-4040-9399-CA2EACBB9F16}.Release|Any CPU.ActiveCfg = Release|x86
		{C26B3486-66CF-4040-9399-CA2EACBB9F16}.Release|Mixed Platforms.ActiveCfg = Release|x86
		{C26B3486-66CF-4040-9399-CA2EACBB9F16}.Release|Mixed Platforms.Build.0 = Release|x86
		{C26B3486-66CF-4040-9399-CA2EACBB9F16}.Release|x86.ActiveCfg = Release|x86
		{C26B3486-66CF-4040-9399-CA2EACBB9F16}.Release|x86.Build.0 = Release|x86
		{555B1E7D-E629-48A7-87A4-0AFBB69290FC}.Debug|Any CPU.ActiveCfg = Debug|x86
		{555B1E7D-E629-48A7-87A4-0AFBB69290FC}.Debug|Any CPU.Build.0 = Debug|x86
		{555B1E7D-E629-48A7-87A4-0AFBB69290FC}.Debug|Mixed Platforms.ActiveCfg = Debug|x86
		{555B1E7D-E629-48A7-87A4-0AFBB69290FC}.Debug|Mixed Platforms.Build.0 = Debug|x86
		{555B1E7D-E629-48A7-87A4-0AFBB69290FC}.Debug|x86.ActiveCfg = Debug|x86
		{555B1E7D-E629-48A7-87A4-0AFBB69290FC}.Debug|x86.Build.0 = Debug|x86
		{555B1E7D-E629-48A7-87A4-0AFBB69290FC}.Release|Any CPU.ActiveCfg = Release|x86
		{555B1E7D-E629-48A7-87A4-0AFBB69290FC}.Release|Any CPU.Build.0 = Release|x86
		{555B1E7D-E629-48A7-87A4-0AFBB69290FC}.Release|Mixed Platforms.ActiveCfg = Release|x86
		{555B1E7D-E629-48A7-87A4-0AFBB69290FC}.Release|Mixed Platforms.Build.0 = Release|x86
		{555B1E7D-E629-48A7-87A4-0AFBB69290FC}.Release|x86.ActiveCfg = Release|x86
		{555B1E7D-E629-48A7-87A4-0AFBB69290FC}.Release|x86.Build.0 = Release|x86
		{ED235059-C297-499E-B48E-632D1C68F5AE}.Debug|Any CPU.ActiveCfg = Debug|x86
		{ED235059-C297-499E-B48E-632D1C68F5AE}.Debug|Any CPU.Build.0 = Debug|x86
		{ED235059-C297-499E-B48E-632D1C68F5AE}.Debug|Mixed Platforms.ActiveCfg = Debug|x86
		{ED235059-C297-499E-B48E-632D1C68F5AE}.Debug|Mixed Platforms.Build.0 = Debug|x86
		{ED235059-C297-499E-B48E-632D1C68F5AE}.Debug|x86.ActiveCfg = Debug|x86
		{ED235059-C297-499E-B48E-632D1C68F5AE}.Debug|x86.Build.0 = Debug|x86
		{ED235059-C297-499E-B48E-632D1C68F5AE}.Release|Any CPU.ActiveCfg = Release|x86
		{ED235059-C297-499E-B48E-632D1C68F5AE}.Release|Any CPU.Build.0 = Release|x86
		{ED235059-C297-499E-B48E-632D1C68F5AE}.Release|Mixed Platforms.ActiveCfg = Release|x86
		{ED235059-C297-499E-B48E-632D1C68F5AE}.Release|Mixed Platforms.Build.0 = Release|x86
		{ED235059-C297-499E-B48E-632D1C68F5AE}.Release|x86.ActiveCfg = Release|x86
		{ED235059-C297-499E-B48E-632D1C68F5AE}.Release|x86.Build.0 = Release|x86
	EndGlobalSection
	GlobalSection(SolutionProperties) = preSolution
		HideSolutionNode = FALSE
	EndGlobalSection
	GlobalSection(NestedProjects) = preSolution
		{25DA9502-B959-4E81-9368-471AE231BCC0} = {90C65814-98AE-4F22-BD3B-82FC9AC9EAA8}
		{3A83AE95-C23F-48B4-9F1A-AD4B32C37B93} = {90C65814-98AE-4F22-BD3B-82FC9AC9EAA8}
		{A82CE4DD-9B08-439C-BC28-CB7B2BFFA85C} = {90C65814-98AE-4F22-BD3B-82FC9AC9EAA8}
		{C646ED2B-50B7-4178-BEFA-657F1259251F} = {90C65814-98AE-4F22-BD3B-82FC9AC9EAA8}
		{6BEE77DF-2DD2-41C3-BA16-60E20B1EDDCC} = {90C65814-98AE-4F22-BD3B-82FC9AC9EAA8}
		{2BD4C73E-C8DB-420E-9505-96D3F3BCA7B6} = {90C65814-98AE-4F22-BD3B-82FC9AC9EAA8}
		{FF4B354A-213B-415A-B8F7-582BAAFABC8C} = {90C65814-98AE-4F22-BD3B-82FC9AC9EAA8}
		{1E4D8E5B-D422-47DC-9CF3-B8E88A4472AF} = {90C65814-98AE-4F22-BD3B-82FC9AC9EAA8}
		{00CB8737-BA35-4775-AFA4-B8CD446AB83F} = {90C65814-98AE-4F22-BD3B-82FC9AC9EAA8}
		{3F01CF20-C49D-44A9-AA57-68F04915FE97} = {90C65814-98AE-4F22-BD3B-82FC9AC9EAA8}
		{D9BCD15E-A438-4554-89D3-1CF122167FDD} = {90C65814-98AE-4F22-BD3B-82FC9AC9EAA8}
	EndGlobalSection
EndGlobal
